<?xml version="1.0" encoding="utf-8"?>
<Project ToolsVersion="4.0" xmlns="http://schemas.microsoft.com/developer/msbuild/2003">
  <ItemGroup>
    <Filter Include="Source Files">
      <UniqueIdentifier>{4FC737F1-C7A5-4376-A066-2A32D752A2FF}</UniqueIdentifier>
      <Extensions>cpp;c;cc;cxx;def;odl;idl;hpj;bat;asm;asmx</Extensions>
    </Filter>
    <Filter Include="Header Files">
      <UniqueIdentifier>{93995380-89BD-4b04-88EB-625FBE52EBFB}</UniqueIdentifier>
      <Extensions>h;hh;hpp;hxx;hm;inl;inc;xsd</Extensions>
    </Filter>
    <Filter Include="Resource Files">
      <UniqueIdentifier>{67DA6AB6-F800-4c08-8B7A-83BB121AAD01}</UniqueIdentifier>
      <Extensions>rc;ico;cur;bmp;dlg;rc2;rct;bin;rgs;gif;jpg;jpeg;jpe;resx;tiff;tif;png;wav;mfcribbon-ms</Extensions>
    </Filter>
    <Filter Include="Header Files\Composite">
      <UniqueIdentifier>{cad82373-8687-42c6-9e94-33ef5df45b8e}</UniqueIdentifier>
    </Filter>
    <Filter Include="Header Files\Decorator">
      <UniqueIdentifier>{8275e2e0-8735-48b4-aa67-ae9d50d75c4d}</UniqueIdentifier>
    </Filter>
    <Filter Include="Header Files\Action">
      <UniqueIdentifier>{1c4b6cfc-25bb-4aaf-86b3-ec1207f7131b}</UniqueIdentifier>
    </Filter>
    <Filter Include="Source Files\Composite">
      <UniqueIdentifier>{17dea731-25b3-421e-8002-38778b77d948}</UniqueIdentifier>
    </Filter>
    <Filter Include="Source Files\Decorator">
      <UniqueIdentifier>{8738f61d-ad3b-4881-adb6-19d4b1ca81b2}</UniqueIdentifier>
    </Filter>
    <Filter Include="Source Files\Action">
      <UniqueIdentifier>{aa58235b-c1db-44ef-9844-4d252aa64d93}</UniqueIdentifier>
    </Filter>
  </ItemGroup>
  <ItemGroup>
    <ClCompile Include="Main.cpp">
      <Filter>Source Files</Filter>
    </ClCompile>
    <ClCompile Include="Assert.cpp">
      <Filter>Source Files</Filter>
    </ClCompile>
    <ClCompile Include="BehaviorTree.cpp">
      <Filter>Source Files</Filter>
    </ClCompile>
    <ClCompile Include="Action.cpp">
      <Filter>Source Files\Action</Filter>
    </ClCompile>
    <ClCompile Include="Sequence.cpp">
      <Filter>Source Files\Composite</Filter>
    </ClCompile>
    <ClCompile Include="Selector.cpp">
      <Filter>Source Files\Composite</Filter>
    </ClCompile>
    <ClCompile Include="Composite.cpp">
      <Filter>Source Files\Composite</Filter>
    </ClCompile>
    <ClCompile Include="Decorator.cpp">
      <Filter>Source Files\Decorator</Filter>
    </ClCompile>
    <ClCompile Include="Inverter.cpp">
      <Filter>Source Files\Decorator</Filter>
    </ClCompile>
  </ItemGroup>
  <ItemGroup>
    <ClInclude Include="Assert.h">
      <Filter>Header Files</Filter>
    </ClInclude>
    <ClInclude Include="BehaviorTree.h">
      <Filter>Header Files</Filter>
    </ClInclude>
    <ClInclude Include="Node.h">
      <Filter>Header Files</Filter>
    </ClInclude>
    <ClInclude Include="Action.h">
      <Filter>Header Files\Action</Filter>
    </ClInclude>
    <ClInclude Include="Composite.h">
      <Filter>Header Files\Composite</Filter>
    </ClInclude>
    <ClInclude Include="Selector.h">
      <Filter>Header Files\Composite</Filter>
    </ClInclude>
    <ClInclude Include="Sequence.h">
      <Filter>Header Files\Composite</Filter>
    </ClInclude>
    <ClInclude Include="Decorator.h">
      <Filter>Header Files\Decorator</Filter>
    </ClInclude>
    <ClInclude Include="Inverter.h">
      <Filter>Header Files\Decorator</Filter>
    </ClInclude>
  </ItemGroup>
</Project>